// !$*UTF8*$!
{
	archiveVersion = 1;
	classes = {
	};
	objectVersion = 46;
	objects = {

/* Begin PBXBuildFile section */
		D3BEA8CA1E38C388000A9EAD /* AppDelegate.swift in Sources */ = {isa = PBXBuildFile; fileRef = D3BEA8C91E38C388000A9EAD /* AppDelegate.swift */; };
		D3BEA8CC1E38C388000A9EAD /* ViewController.swift in Sources */ = {isa = PBXBuildFile; fileRef = D3BEA8CB1E38C388000A9EAD /* ViewController.swift */; };
		D3BEA8CF1E38C388000A9EAD /* Main.storyboard in Resources */ = {isa = PBXBuildFile; fileRef = D3BEA8CD1E38C388000A9EAD /* Main.storyboard */; };
		D3BEA8D11E38C388000A9EAD /* Assets.xcassets in Resources */ = {isa = PBXBuildFile; fileRef = D3BEA8D01E38C388000A9EAD /* Assets.xcassets */; };
		D3BEA8D41E38C388000A9EAD /* LaunchScreen.storyboard in Resources */ = {isa = PBXBuildFile; fileRef = D3BEA8D21E38C388000A9EAD /* LaunchScreen.storyboard */; };
/* End PBXBuildFile section */

/* Begin PBXFileReference section */
		D3BEA8C61E38C388000A9EAD /* sum.app */ = {isa = PBXFileReference; explicitFileType = wrapper.application; includeInIndex = 0; path = sum.app; sourceTree = BUILT_PRODUCTS_DIR; };
		D3BEA8C91E38C388000A9EAD /* AppDelegate.swift */ = {isa = PBXFileReference; lastKnownFileType = sourcecode.swift; path = AppDelegate.swift; sourceTree = "<group>"; };
		D3BEA8CB1E38C388000A9EAD /* ViewController.swift */ = {isa = PBXFileReference; lastKnownFileType = sourcecode.swift; path = ViewController.swift; sourceTree = "<group>"; };
		D3BEA8CE1E38C388000A9EAD /* Base */ = {isa = PBXFileReference; lastKnownFileType = file.storyboard; name = Base; path = Base.lproj/Main.storyboard; sourceTree = "<group>"; };
		D3BEA8D01E38C388000A9EAD /* Assets.xcassets */ = {isa = PBXFileReference; lastKnownFileType = folder.assetcatalog; path = Assets.xcassets; sourceTree = "<group>"; };
		D3BEA8D31E38C388000A9EAD /* Base */ = {isa = PBXFileReference; lastKnownFileType = file.storyboard; name = Base; path = Base.lproj/LaunchScreen.storyboard; sourceTree = "<group>"; };
		D3BEA8D51E38C388000A9EAD /* Info.plist */ = {isa = PBXFileReference; lastKnownFileType = text.plist.xml; path = Info.plist; sourceTree = "<group>"; };
/* End PBXFileReference section */

/* Begin PBXFrameworksBuildPhase section */
		D3BEA8C31E38C388000A9EAD /* Frameworks */ = {
			isa = PBXFrameworksBuildPhase;
			buildActionMask = 2147483647;
			files = (
			);
			runOnlyForDeploymentPostprocessing = 0;
		};
/* End PBXFrameworksBuildPhase section */

/* Begin PBXGroup section */
		D3BEA8BD1E38C388000A9EAD = {
			isa = PBXGroup;
			children = (
				D3BEA8C81E38C388000A9EAD /* sum */,
				D3BEA8C71E38C388000A9EAD /* Products */,
			);
			sourceTree = "<group>";
		};
		D3BEA8C71E38C388000A9EAD /* Products */ = {
			isa = PBXGroup;
			children = (
				D3BEA8C61E38C388000A9EAD /* sum.app */,
			);
			name = Products;
			sourceTree = "<group>";
		};
		D3BEA8C81E38C388000A9EAD /* sum */ = {
			isa = PBXGroup;
			children = (
				D3BEA8C91E38C388000A9EAD /* AppDelegate.swift */,
				D3BEA8CB1E38C388000A9EAD /* ViewController.swift */,
				D3BEA8CD1E38C388000A9EAD /* Main.storyboard */,
				D3BEA8D01E38C388000A9EAD /* Assets.xcassets */,
				D3BEA8D21E38C388000A9EAD /* LaunchScreen.storyboard */,
				D3BEA8D51E38C388000A9EAD /* Info.plist */,
			);
			path = sum;
			sourceTree = "<group>";
		};
/* End PBXGroup section */

/* Begin PBXNativeTarget section */
		D3BEA8C51E38C388000A9EAD /* sum */ = {
			isa = PBXNativeTarget;
			buildConfigurationList = D3BEA8D81E38C388000A9EAD /* Build configuration list for PBXNativeTarget "sum" */;
			buildPhases = (
				D3BEA8C21E38C388000A9EAD /* Sources */,
				D3BEA8C31E38C388000A9EAD /* Frameworks */,
				D3BEA8C41E38C388000A9EAD /* Resources */,
			);
			buildRules = (
			);
			dependencies = (
			);
			name = sum;
			productName = sum;
			productReference = D3BEA8C61E38C388000A9EAD /* sum.app */;
			productType = "com.apple.product-type.application";
		};
/* End PBXNativeTarget section */

/* Begin PBXProject section */
		D3BEA8BE1E38C388000A9EAD /* Project object */ = {
			isa = PBXProject;
			attributes = {
				LastSwiftUpdateCheck = 0820;
				LastUpgradeCheck = 0820;
				ORGANIZATIONNAME = "楊子逸";
				TargetAttributes = {
					D3BEA8C51E38C388000A9EAD = {
						CreatedOnToolsVersion = 8.2.1;
						ProvisioningStyle = Automatic;
					};
				};
			};
			buildConfigurationList = D3BEA8C11E38C388000A9EAD /* Build configuration list for PBXProject "sum" */;
			compatibilityVersion = "Xcode 3.2";
			developmentRegion = English;
			hasScannedForEncodings = 0;
			knownRegions = (
				en,
				Base,
			);
			mainGroup = D3BEA8BD1E38C388000A9EAD;
			productRefGroup = D3BEA8C71E38C388000A9EAD /* Products */;
			projectDirPath = "";
			projectRoot = "";
			targets = (
				D3BEA8C51E38C388000A9EAD /* sum */,
			);
		};
/* End PBXProject section */

/* Begin PBXResourcesBuildPhase section */
		D3BEA8C41E38C388000A9EAD /* Resources */ = {
			isa = PBXResourcesBuildPhase;
			buildActionMask = 2147483647;
			files = (
				D3BEA8D41E38C388000A9EAD /* LaunchScreen.storyboard in Resources */,
				D3BEA8D11E38C388000A9EAD /* Assets.xcassets in Resources */,
				D3BEA8CF1E38C388000A9EAD /* Main.storyboard in Resources */,
			);
			runOnlyForDeploymentPostprocessing = 0;
		};
/* End PBXResourcesBuildPhase section */

/* Begin PBXSourcesBuildPhase section */
		D3BEA8C21E38C388000A9EAD /* Sources */ = {
			isa = PBXSourcesBuildPhase;
			buildActionMask = 2147483647;
			files = (
				D3BEA8CC1E38C388000A9EAD /* ViewController.swift in Sources */,
				D3BEA8CA1E38C388000A9EAD /* AppDelegate.swift in Sources */,
			);
			runOnlyForDeploymentPostprocessing = 0;
		};
/* End PBXSourcesBuildPhase section */

/* Begin PBXVariantGroup section */
		D3BEA8CD1E38C388000A9EAD /* Main.storyboard */ = {
			isa = PBXVariantGroup;
			children = (
				D3BEA8CE1E38C388000A9EAD /* Base */,
			);
			name = Main.storyboard;
			sourceTree = "<group>";
		};
		D3BEA8D21E38C388000A9EAD /* LaunchScreen.storyboard */ = {
			isa = PBXVariantGroup;
			children = (
				D3BEA8D31E38C388000A9EAD /* Base */,
			);
			name = LaunchScreen.storyboard;
			sourceTree = "<group>";
		};
/* End PBXVariantGroup section */

/* Begin XCBuildConfiguration section */
		D3BEA8D61E38C388000A9EAD /* Debug */ = {
			isa = XCBuildConfiguration;
			buildSettings = {
				ALWAYS_SEARCH_USER_PATHS = NO;
				CLANG_ANALYZER_NONNULL = YES;
				CLANG_CXX_LANGUAGE_STANDARD = "gnu++0x";
				CLANG_CXX_LIBRARY = "libc++";
				CLANG_ENABLE_MODULES = YES;
				CLANG_ENABLE_OBJC_ARC = YES;
				CLANG_WARN_BOOL_CONVERSION = YES;
				CLANG_WARN_CONSTANT_CONVERSION = YES;
				CLANG_WARN_DIRECT_OBJC_ISA_USAGE = YES_ERROR;
				CLANG_WARN_DOCUMENTATION_COMMENTS = YES;
				CLANG_WARN_EMPTY_BODY = YES;
				CLANG_WARN_ENUM_CONVERSION = YES;
				CLANG_WARN_INFINITE_RECURSION = YES;
				CLANG_WARN_INT_CONVERSION = YES;
				CLANG_WARN_OBJC_ROOT_CLASS = YES_ERROR;
				CLANG_WARN_SUSPICIOUS_MOVE = YES;
				CLANG_WARN_UNREACHABLE_CODE = YES;
				CLANG_WARN__DUPLICATE_METHOD_MATCH = YES;
				"CODE_SIGN_IDENTITY[sdk=iphoneos*]" = "iPhone Developer";
				COPY_PHASE_STRIP = NO;
				DEBUG_INFORMATION_FORMAT = dwarf;
				ENABLE_STRICT_OBJC_MSGSEND = YES;
				ENABLE_TESTABILITY = YES;
				GCC_C_LANGUAGE_STANDARD = gnu99;
				GCC_DYNAMIC_NO_PIC = NO;
				GCC_NO_COMMON_BLOCKS = YES;
				GCC_OPTIMIZATION_LEVEL = 0;
				GCC_PREPROCESSOR_DEFINITIONS = (
					"DEBUG=1",
					"$(inherited)",
				);
				GCC_WARN_64_TO_32_BIT_CONVERSION = YES;
				GCC_WARN_ABOUT_RETURN_TYPE = YES_ERROR;
				GCC_WARN_UNDECLARED_SELECTOR = YES;
				GCC_WARN_UNINITIALIZED_AUTOS = YES_AGGRESSIVE;
				GCC_WARN_UNUSED_FUNCTION = YES;
				GCC_WARN_UNUSED_VARIABLE = YES;
				IPHONEOS_DEPLOYMENT_TARGET = 10.2;
				MTL_ENABLE_DEBUG_INFO = YES;
				ONLY_ACTIVE_ARCH = YES;
				SDKROOT = iphoneos;
				SWIFT_ACTIVE_COMPILATION_CONDITIONS = DEBUG;
				SWIFT_OPTIMIZATION_LEVEL = "-Onone";
			};
			name = Debug;
		};
		D3BEA8D71E38C388000A9EAD /* Release */ = {
			isa = XCBuildConfiguration;
			buildSettings = {
				ALWAYS_SEARCH_USER_PATHS = NO;
				CLANG_ANALYZER_NONNULL = YES;
				CLANG_CXX_LANGUAGE_STANDARD = "gnu++0x";
				CLANG_CXX_LIBRARY = "libc++";
				CLANG_ENABLE_MODULES = YES;
				CLANG_ENABLE_OBJC_ARC = YES;
				CLANG_WARN_BOOL_CONVERSION = YES;
				CLANG_WARN_CONSTANT_CONVERSION = YES;
				CLANG_WARN_DIRECT_OBJC_ISA_USAGE = YES_ERROR;
				CLANG_WARN_DOCUMENTATION_COMMENTS = YES;
				CLANG_WARN_EMPTY_BODY = YES;
				CLANG_WARN_ENUM_CONVERSION = YES;
				CLANG_WARN_INFINITE_RECURSION = YES;
				CLANG_WARN_INT_CONVERSION = YES;
				CLANG_WARN_OBJC_ROOT_CLASS = YES_ERROR;
				CLANG_WARN_SUSPICIOUS_MOVE = YES;
				CLANG_WARN_UNREACHABLE_CODE = YES;
				CLANG_WARN__DUPLICATE_METHOD_MATCH = YES;
				"CODE_SIGN_IDENTITY[sdk=iphoneos*]" = "iPhone Developer";
				COPY_PHASE_STRIP = NO;
				DEBUG_INFORMATION_FORMAT = "dwarf-with-dsym";
				ENABLE_NS_ASSERTIONS = NO;
				ENABLE_STRICT_OBJC_MSGSEND = YES;
				GCC_C_LANGUAGE_STANDARD = gnu99;
				GCC_NO_COMMON_BLOCKS = YES;
				GCC_WARN_64_TO_32_BIT_CONVERSION = YES;
				GCC_WARN_ABOUT_RETURN_TYPE = YES_ERROR;
				GCC_WARN_UNDECLARED_SELECTOR = YES;
				GCC_WARN_UNINITIALIZED_AUTOS = YES_AGGRESSIVE;
				GCC_WARN_UNUSED_FUNCTION = YES;
				GCC_WARN_UNUSED_VARIABLE = YES;
				IPHONEOS_DEPLOYMENT_TARGET = 10.2;
				MTL_ENABLE_DEBUG_INFO = NO;
				SDKROOT = iphoneos;
				SWIFT_OPTIMIZATION_LEVEL = "-Owholemodule";
				VALIDATE_PRODUCT = YES;
			};
			name = Release;
		};
		D3BEA8D91E38C388000A9EAD /* Debug */ = {
			isa = XCBuildConfiguration;
			buildSettings = {
				ASSETCATALOG_COMPILER_APPICON_NAME = AppIcon;
				INFOPLIST_FILE = sum/Info.plist;
				LD_RUNPATH_SEARCH_PATHS = "$(inherited) @executable_path/Frameworks";
				PRODUCT_BUNDLE_IDENTIFIER = brian.sum;
				PRODUCT_NAME = "$(TARGET_NAME)";
				SWIFT_VERSION = 3.0;
			};
			name = Debug;
		};
		D3BEA8DA1E38C388000A9EAD /* Release */ = {
			isa = XCBuildConfiguration;
			buildSettings = {
				ASSETCATALOG_COMPILER_APPICON_NAME = AppIcon;
				INFOPLIST_FILE = sum/Info.plist;
				LD_RUNPATH_SEARCH_PATHS = "$(inherited) @executable_path/Frameworks";
				PRODUCT_BUNDLE_IDENTIFIER = brian.sum;
				PRODUCT_NAME = "$(TARGET_NAME)";
				SWIFT_VERSION = 3.0;
			};
			name = Release;
		};
/* End XCBuildConfiguration section */

/* Begin XCConfigurationList section */
		D3BEA8C11E38C388000A9EAD /* Build configuration list for PBXProject "sum" */ = {
			isa = XCConfigurationList;
			buildConfigurations = (
				D3BEA8D61E38C388000A9EAD /* Debug */,
				D3BEA8D71E38C388000A9EAD /* Release */,
			);
			defaultConfigurationIsVisible = 0;
			defaultConfigurationName = Release;
		};
		D3BEA8D81E38C388000A9EAD /* Build configuration list for PBXNativeTarget "sum" */ = {
			isa = XCConfigurationList;
			buildConfigurations = (
				D3BEA8D91E38C388000A9EAD /* Debug */,
				D3BEA8DA1E38C388000A9EAD /* Release */,
			);
			defaultConfigurationIsVisible = 0;
		};
/* End XCConfigurationList section */
	};
	rootObject = D3BEA8BE1E38C388000A9EAD /* Project object */;
}
